// !$*UTF8*$!
{
	archiveVersion = 1;
	classes = {
	};
	objectVersion = 46;
	objects = {

/* Begin PBXBuildFile section */
		3E7B926A1B91BDAC00651ED9 /* AppDelegate.swift in Sources */ = {isa = PBXBuildFile; fileRef = 3E7B92691B91BDAC00651ED9 /* AppDelegate.swift */; };
		3E7B926C1B91BDAC00651ED9 /* ViewController.swift in Sources */ = {isa = PBXBuildFile; fileRef = 3E7B926B1B91BDAC00651ED9 /* ViewController.swift */; };
		3E7B926F1B91BDAC00651ED9 /* Main.storyboard in Resources */ = {isa = PBXBuildFile; fileRef = 3E7B926D1B91BDAC00651ED9 /* Main.storyboard */; };
		3E7B92711B91BDAC00651ED9 /* Images.xcassets in Resources */ = {isa = PBXBuildFile; fileRef = 3E7B92701B91BDAC00651ED9 /* Images.xcassets */; };
		3E7B92741B91BDAC00651ED9 /* LaunchScreen.xib in Resources */ = {isa = PBXBuildFile; fileRef = 3E7B92721B91BDAC00651ED9 /* LaunchScreen.xib */; };
		3E7B92801B91BDAC00651ED9 /* myFirstAppTests.swift in Sources */ = {isa = PBXBuildFile; fileRef = 3E7B927F1B91BDAC00651ED9 /* myFirstAppTests.swift */; };
/* End PBXBuildFile section */

/* Begin PBXContainerItemProxy section */
		3E7B927A1B91BDAC00651ED9 /* PBXContainerItemProxy */ = {
			isa = PBXContainerItemProxy;
			containerPortal = 3E7B925C1B91BDAC00651ED9 /* Project object */;
			proxyType = 1;
			remoteGlobalIDString = 3E7B92631B91BDAC00651ED9;
			remoteInfo = myFirstApp;
		};
/* End PBXContainerItemProxy section */

/* Begin PBXFileReference section */
		3E7B92641B91BDAC00651ED9 /* myFirstApp.app */ = {isa = PBXFileReference; explicitFileType = wrapper.application; includeInIndex = 0; path = myFirstApp.app; sourceTree = BUILT_PRODUCTS_DIR; };
		3E7B92681B91BDAC00651ED9 /* Info.plist */ = {isa = PBXFileReference; lastKnownFileType = text.plist.xml; path = Info.plist; sourceTree = "<group>"; };
		3E7B92691B91BDAC00651ED9 /* AppDelegate.swift */ = {isa = PBXFileReference; lastKnownFileType = sourcecode.swift; path = AppDelegate.swift; sourceTree = "<group>"; };
		3E7B926B1B91BDAC00651ED9 /* ViewController.swift */ = {isa = PBXFileReference; lastKnownFileType = sourcecode.swift; path = ViewController.swift; sourceTree = "<group>"; };
		3E7B926E1B91BDAC00651ED9 /* Base */ = {isa = PBXFileReference; lastKnownFileType = file.storyboard; name = Base; path = Base.lproj/Main.storyboard; sourceTree = "<group>"; };
		3E7B92701B91BDAC00651ED9 /* Images.xcassets */ = {isa = PBXFileReference; lastKnownFileType = folder.assetcatalog; path = Images.xcassets; sourceTree = "<group>"; };
		3E7B92731B91BDAC00651ED9 /* Base */ = {isa = PBXFileReference; lastKnownFileType = file.xib; name = Base; path = Base.lproj/LaunchScreen.xib; sourceTree = "<group>"; };
		3E7B92791B91BDAC00651ED9 /* myFirstAppTests.xctest */ = {isa = PBXFileReference; explicitFileType = wrapper.cfbundle; includeInIndex = 0; path = myFirstAppTests.xctest; sourceTree = BUILT_PRODUCTS_DIR; };
		3E7B927E1B91BDAC00651ED9 /* Info.plist */ = {isa = PBXFileReference; lastKnownFileType = text.plist.xml; path = Info.plist; sourceTree = "<group>"; };
		3E7B927F1B91BDAC00651ED9 /* myFirstAppTests.swift */ = {isa = PBXFileReference; lastKnownFileType = sourcecode.swift; path = myFirstAppTests.swift; sourceTree = "<group>"; };
/* End PBXFileReference section */

/* Begin PBXFrameworksBuildPhase section */
		3E7B92611B91BDAC00651ED9 /* Frameworks */ = {
			isa = PBXFrameworksBuildPhase;
			buildActionMask = 2147483647;
			files = (
			);
			runOnlyForDeploymentPostprocessing = 0;
		};
		3E7B92761B91BDAC00651ED9 /* Frameworks */ = {
			isa = PBXFrameworksBuildPhase;
			buildActionMask = 2147483647;
			files = (
			);
			runOnlyForDeploymentPostprocessing = 0;
		};
/* End PBXFrameworksBuildPhase section */

/* Begin PBXGroup section */
		3E7B925B1B91BDAC00651ED9 = {
			isa = PBXGroup;
			children = (
				3E7B92661B91BDAC00651ED9 /* myFirstApp */,
				3E7B927C1B91BDAC00651ED9 /* myFirstAppTests */,
				3E7B92651B91BDAC00651ED9 /* Products */,
			);
			sourceTree = "<group>";
		};
		3E7B92651B91BDAC00651ED9 /* Products */ = {
			isa = PBXGroup;
			children = (
				3E7B92641B91BDAC00651ED9 /* myFirstApp.app */,
				3E7B92791B91BDAC00651ED9 /* myFirstAppTests.xctest */,
			);
			name = Products;
			sourceTree = "<group>";
		};
		3E7B92661B91BDAC00651ED9 /* myFirstApp */ = {
			isa = PBXGroup;
			children = (
				3E7B92691B91BDAC00651ED9 /* AppDelegate.swift */,
				3E7B926B1B91BDAC00651ED9 /* ViewController.swift */,
				3E7B926D1B91BDAC00651ED9 /* Main.storyboard */,
				3E7B92701B91BDAC00651ED9 /* Images.xcassets */,
				3E7B92721B91BDAC00651ED9 /* LaunchScreen.xib */,
				3E7B92671B91BDAC00651ED9 /* Supporting Files */,
			);
			path = myFirstApp;
			sourceTree = "<group>";
		};
		3E7B92671B91BDAC00651ED9 /* Supporting Files */ = {
			isa = PBXGroup;
			children = (
				3E7B92681B91BDAC00651ED9 /* Info.plist */,
			);
			name = "Supporting Files";
			sourceTree = "<group>";
		};
		3E7B927C1B91BDAC00651ED9 /* myFirstAppTests */ = {
			isa = PBXGroup;
			children = (
				3E7B927F1B91BDAC00651ED9 /* myFirstAppTests.swift */,
				3E7B927D1B91BDAC00651ED9 /* Supporting Files */,
			);
			path = myFirstAppTests;
			sourceTree = "<group>";
		};
		3E7B927D1B91BDAC00651ED9 /* Supporting Files */ = {
			isa = PBXGroup;
			children = (
				3E7B927E1B91BDAC00651ED9 /* Info.plist */,
			);
			name = "Supporting Files";
			sourceTree = "<group>";
		};
/* End PBXGroup section */

/* Begin PBXNativeTarget section */
		3E7B92631B91BDAC00651ED9 /* myFirstApp */ = {
			isa = PBXNativeTarget;
			buildConfigurationList = 3E7B92831B91BDAC00651ED9 /* Build configuration list for PBXNativeTarget "myFirstApp" */;
			buildPhases = (
				3E7B92601B91BDAC00651ED9 /* Sources */,
				3E7B92611B91BDAC00651ED9 /* Frameworks */,
				3E7B92621B91BDAC00651ED9 /* Resources */,
			);
			buildRules = (
			);
			dependencies = (
			);
			name = myFirstApp;
			productName = myFirstApp;
			productReference = 3E7B92641B91BDAC00651ED9 /* myFirstApp.app */;
			productType = "com.apple.product-type.application";
		};
		3E7B92781B91BDAC00651ED9 /* myFirstAppTests */ = {
			isa = PBXNativeTarget;
			buildConfigurationList = 3E7B92861B91BDAC00651ED9 /* Build configuration list for PBXNativeTarget "myFirstAppTests" */;
			buildPhases = (
				3E7B92751B91BDAC00651ED9 /* Sources */,
				3E7B92761B91BDAC00651ED9 /* Frameworks */,
				3E7B92771B91BDAC00651ED9 /* Resources */,
			);
			buildRules = (
			);
			dependencies = (
				3E7B927B1B91BDAC00651ED9 /* PBXTargetDependency */,
			);
			name = myFirstAppTests;
			productName = myFirstAppTests;
			productReference = 3E7B92791B91BDAC00651ED9 /* myFirstAppTests.xctest */;
			productType = "com.apple.product-type.bundle.unit-test";
		};
/* End PBXNativeTarget section */

/* Begin PBXProject section */
		3E7B925C1B91BDAC00651ED9 /* Project object */ = {
			isa = PBXProject;
			attributes = {
				LastUpgradeCheck = 0640;
				ORGANIZATIONNAME = WebEngineering;
				TargetAttributes = {
					3E7B92631B91BDAC00651ED9 = {
						CreatedOnToolsVersion = 6.4;
					};
					3E7B92781B91BDAC00651ED9 = {
						CreatedOnToolsVersion = 6.4;
						TestTargetID = 3E7B92631B91BDAC00651ED9;
					};
				};
			};
			buildConfigurationList = 3E7B925F1B91BDAC00651ED9 /* Build configuration list for PBXProject "myFirstApp" */;
			compatibilityVersion = "Xcode 3.2";
			developmentRegion = English;
			hasScannedForEncodings = 0;
			knownRegions = (
				en,
				Base,
			);
			mainGroup = 3E7B925B1B91BDAC00651ED9;
			productRefGroup = 3E7B92651B91BDAC00651ED9 /* Products */;
			projectDirPath = "";
			projectRoot = "";
			targets = (
				3E7B92631B91BDAC00651ED9 /* myFirstApp */,
				3E7B92781B91BDAC00651ED9 /* myFirstAppTests */,
			);
		};
/* End PBXProject section */

/* Begin PBXResourcesBuildPhase section */
		3E7B92621B91BDAC00651ED9 /* Resources */ = {
			isa = PBXResourcesBuildPhase;
			buildActionMask = 2147483647;
			files = (
				3E7B926F1B91BDAC00651ED9 /* Main.storyboard in Resources */,
				3E7B92741B91BDAC00651ED9 /* LaunchScreen.xib in Resources */,
				3E7B92711B91BDAC00651ED9 /* Images.xcassets in Resources */,
			);
			runOnlyForDeploymentPostprocessing = 0;
		};
		3E7B92771B91BDAC00651ED9 /* Resources */ = {
			isa = PBXResourcesBuildPhase;
			buildActionMask = 2147483647;
			files = (
			);
			runOnlyForDeploymentPostprocessing = 0;
		};
/* End PBXResourcesBuildPhase section */

/* Begin PBXSourcesBuildPhase section */
		3E7B92601B91BDAC00651ED9 /* Sources */ = {
			isa = PBXSourcesBuildPhase;
			buildActionMask = 2147483647;
			files = (
				3E7B926C1B91BDAC00651ED9 /* ViewController.swift in Sources */,
				3E7B926A1B91BDAC00651ED9 /* AppDelegate.swift in Sources */,
			);
			runOnlyForDeploymentPostprocessing = 0;
		};
		3E7B92751B91BDAC00651ED9 /* Sources */ = {
			isa = PBXSourcesBuildPhase;
			buildActionMask = 2147483647;
			files = (
				3E7B92801B91BDAC00651ED9 /* myFirstAppTests.swift in Sources */,
			);
			runOnlyForDeploymentPostprocessing = 0;
		};
/* End PBXSourcesBuildPhase section */

/* Begin PBXTargetDependency section */
		3E7B927B1B91BDAC00651ED9 /* PBXTargetDependency */ = {
			isa = PBXTargetDependency;
			target = 3E7B92631B91BDAC00651ED9 /* myFirstApp */;
			targetProxy = 3E7B927A1B91BDAC00651ED9 /* PBXContainerItemProxy */;
		};
/* End PBXTargetDependency section */

/* Begin PBXVariantGroup section */
		3E7B926D1B91BDAC00651ED9 /* Main.storyboard */ = {
			isa = PBXVariantGroup;
			children = (
				3E7B926E1B91BDAC00651ED9 /* Base */,
			);
			name = Main.storyboard;
			sourceTree = "<group>";
		};
		3E7B92721B91BDAC00651ED9 /* LaunchScreen.xib */ = {
			isa = PBXVariantGroup;
			children = (
				3E7B92731B91BDAC00651ED9 /* Base */,
			);
			name = LaunchScreen.xib;
			sourceTree = "<group>";
		};
/* End PBXVariantGroup section */

/* Begin XCBuildConfiguration section */
		3E7B92811B91BDAC00651ED9 /* Debug */ = {
			isa = XCBuildConfiguration;
			buildSettings = {
				ALWAYS_SEARCH_USER_PATHS = NO;
				CLANG_CXX_LANGUAGE_STANDARD = "gnu++0x";
				CLANG_CXX_LIBRARY = "libc++";
				CLANG_ENABLE_MODULES = YES;
				CLANG_ENABLE_OBJC_ARC = YES;
				CLANG_WARN_BOOL_CONVERSION = YES;
				CLANG_WARN_CONSTANT_CONVERSION = YES;
				CLANG_WARN_DIRECT_OBJC_ISA_USAGE = YES_ERROR;
				CLANG_WARN_EMPTY_BODY = YES;
				CLANG_WARN_ENUM_CONVERSION = YES;
				CLANG_WARN_INT_CONVERSION = YES;
				CLANG_WARN_OBJC_ROOT_CLASS = YES_ERROR;
				CLANG_WARN_UNREACHABLE_CODE = YES;
				CLANG_WARN__DUPLICATE_METHOD_MATCH = YES;
				"CODE_SIGN_IDENTITY[sdk=iphoneos*]" = "iPhone Developer";
				COPY_PHASE_STRIP = NO;
				DEBUG_INFORMATION_FORMAT = "dwarf-with-dsym";
				ENABLE_STRICT_OBJC_MSGSEND = YES;
				GCC_C_LANGUAGE_STANDARD = gnu99;
				GCC_DYNAMIC_NO_PIC = NO;
				GCC_NO_COMMON_BLOCKS = YES;
				GCC_OPTIMIZATION_LEVEL = 0;
				GCC_PREPROCESSOR_DEFINITIONS = (
					"DEBUG=1",
					"$(inherited)",
				);
				GCC_SYMBOLS_PRIVATE_EXTERN = NO;
				GCC_WARN_64_TO_32_BIT_CONVERSION = YES;
				GCC_WARN_ABOUT_RETURN_TYPE = YES_ERROR;
				GCC_WARN_UNDECLARED_SELECTOR = YES;
				GCC_WARN_UNINITIALIZED_AUTOS = YES_AGGRESSIVE;
				GCC_WARN_UNUSED_FUNCTION = YES;
				GCC_WARN_UNUSED_VARIABLE = YES;
				IPHONEOS_DEPLOYMENT_TARGET = 8.4;
				MTL_ENABLE_DEBUG_INFO = YES;
				ONLY_ACTIVE_ARCH = YES;
				SDKROOT = iphoneos;
				SWIFT_OPTIMIZATION_LEVEL = "-Onone";
				TARGETED_DEVICE_FAMILY = "1,2";
			};
			name = Debug;
		};
		3E7B92821B91BDAC00651ED9 /* Release */ = {
			isa = XCBuildConfiguration;
			buildSettings = {
				ALWAYS_SEARCH_USER_PATHS = NO;
				CLANG_CXX_LANGUAGE_STANDARD = "gnu++0x";
				CLANG_CXX_LIBRARY = "libc++";
				CLANG_ENABLE_MODULES = YES;
				CLANG_ENABLE_OBJC_ARC = YES;
				CLANG_WARN_BOOL_CONVERSION = YES;
				CLANG_WARN_CONSTANT_CONVERSION = YES;
				CLANG_WARN_DIRECT_OBJC_ISA_USAGE = YES_ERROR;
				CLANG_WARN_EMPTY_BODY = YES;
				CLANG_WARN_ENUM_CONVERSION = YES;
				CLANG_WARN_INT_CONVERSION = YES;
				CLANG_WARN_OBJC_ROOT_CLASS = YES_ERROR;
				CLANG_WARN_UNREACHABLE_CODE = YES;
				CLANG_WARN__DUPLICATE_METHOD_MATCH = YES;
				"CODE_SIGN_IDENTITY[sdk=iphoneos*]" = "iPhone Developer";
				COPY_PHASE_STRIP = NO;
				DEBUG_INFORMATION_FORMAT = "dwarf-with-dsym";
				ENABLE_NS_ASSERTIONS = NO;
				ENABLE_STRICT_OBJC_MSGSEND = YES;
				GCC_C_LANGUAGE_STANDARD = gnu99;
				GCC_NO_COMMON_BLOCKS = YES;
				GCC_WARN_64_TO_32_BIT_CONVERSION = YES;
				GCC_WARN_ABOUT_RETURN_TYPE = YES_ERROR;
				GCC_WARN_UNDECLARED_SELECTOR = YES;
				GCC_WARN_UNINITIALIZED_AUTOS = YES_AGGRESSIVE;
				GCC_WARN_UNUSED_FUNCTION = YES;
				GCC_WARN_UNUSED_VARIABLE = YES;
				IPHONEOS_DEPLOYMENT_TARGET = 8.4;
				MTL_ENABLE_DEBUG_INFO = NO;
				SDKROOT = iphoneos;
				TARGETED_DEVICE_FAMILY = "1,2";
				VALIDATE_PRODUCT = YES;
			};
			name = Release;
		};
		3E7B92841B91BDAC00651ED9 /* Debug */ = {
			isa = XCBuildConfiguration;
			buildSettings = {
				ASSETCATALOG_COMPILER_APPICON_NAME = AppIcon;
				INFOPLIST_FILE = myFirstApp/Info.plist;
				LD_RUNPATH_SEARCH_PATHS = "$(inherited) @executable_path/Frameworks";
				PRODUCT_NAME = "$(TARGET_NAME)";
			};
			name = Debug;
		};
		3E7B92851B91BDAC00651ED9 /* Release */ = {
			isa = XCBuildConfiguration;
			buildSettings = {
				ASSETCATALOG_COMPILER_APPICON_NAME = AppIcon;
				INFOPLIST_FILE = myFirstApp/Info.plist;
				LD_RUNPATH_SEARCH_PATHS = "$(inherited) @executable_path/Frameworks";
				PRODUCT_NAME = "$(TARGET_NAME)";
			};
			name = Release;
		};
		3E7B92871B91BDAC00651ED9 /* Debug */ = {
			isa = XCBuildConfiguration;
			buildSettings = {
				BUNDLE_LOADER = "$(TEST_HOST)";
				FRAMEWORK_SEARCH_PATHS = (
					"$(SDKROOT)/Developer/Library/Frameworks",
					"$(inherited)",
				);
				GCC_PREPROCESSOR_DEFINITIONS = (
					"DEBUG=1",
					"$(inherited)",
				);
				INFOPLIST_FILE = myFirstAppTests/Info.plist;
				LD_RUNPATH_SEARCH_PATHS = "$(inherited) @executable_path/Frameworks @loader_path/Frameworks";
				PRODUCT_NAME = "$(TARGET_NAME)";
				TEST_HOST = "$(BUILT_PRODUCTS_DIR)/myFirstApp.app/myFirstApp";
			};
			name = Debug;
		};
		3E7B92881B91BDAC00651ED9 /* Release */ = {
			isa = XCBuildConfiguration;
			buildSettings = {
				BUNDLE_LOADER = "$(TEST_HOST)";
				FRAMEWORK_SEARCH_PATHS = (
					"$(SDKROOT)/Developer/Library/Frameworks",
					"$(inherited)",
				);
				INFOPLIST_FILE = myFirstAppTests/Info.plist;
				LD_RUNPATH_SEARCH_PATHS = "$(inherited) @executable_path/Frameworks @loader_path/Frameworks";
				PRODUCT_NAME = "$(TARGET_NAME)";
				TEST_HOST = "$(BUILT_PRODUCTS_DIR)/myFirstApp.app/myFirstApp";
			};
			name = Release;
		};
/* End XCBuildConfiguration section */

/* Begin XCConfigurationList section */
		3E7B925F1B91BDAC00651ED9 /* Build configuration list for PBXProject "myFirstApp" */ = {
			isa = XCConfigurationList;
			buildConfigurations = (
				3E7B92811B91BDAC00651ED9 /* Debug */,
				3E7B92821B91BDAC00651ED9 /* Release */,
			);
			defaultConfigurationIsVisible = 0;
			defaultConfigurationName = Release;
		};
		3E7B92831B91BDAC00651ED9 /* Build configuration list for PBXNativeTarget "myFirstApp" */ = {
			isa = XCConfigurationList;
			buildConfigurations = (
				3E7B92841B91BDAC00651ED9 /* Debug */,
				3E7B92851B91BDAC00651ED9 /* Release */,
			);
			defaultConfigurationIsVisible = 0;
		};
		3E7B92861B91BDAC00651ED9 /* Build configuration list for PBXNativeTarget "myFirstAppTests" */ = {
			isa = XCConfigurationList;
			buildConfigurations = (
				3E7B92871B91BDAC00651ED9 /* Debug */,
				3E7B92881B91BDAC00651ED9 /* Release */,
			);
			defaultConfigurationIsVisible = 0;
		};
/* End XCConfigurationList section */
	};
	rootObject = 3E7B925C1B91BDAC00651ED9 /* Project object */;
}
